
Microsoft Visual Studio Solution File, Format Version 12.00
# Visual Studio 2013
VisualStudioVersion = 12.0.30723.0
MinimumVisualStudioVersion = 10.0.40219.1
Project("{FAE04EC0-301F-11D3-BF4B-00C04F79EFBC}") = "SpanishVocabTester", "SpanishVocabTester\SpanishVocabTester.csproj", "{1971973D-F893-4D77-96A6-9034121C207D}"
EndProject
Project("{2150E333-8FDC-42A3-9474-1A3956D46DE8}") = "Solution Items", "Solution Items", "{98AB2C7C-3AD4-4AF3-9C56-52E1A3AA6862}"
	ProjectSection(SolutionItems) = preProject
		SpanishVocabTester\bin\Debug.rar = SpanishVocabTester\bin\Debug.rar
	EndProjectSection
EndProject
Project("{2150E333-8FDC-42A3-9474-1A3956D46DE8}") = "App", "App", "{E5C003DD-5D68-47C2-BB60-43ED8B5C6EBB}"
	ProjectSection(SolutionItems) = preProject
		App\SpanishVocabTester.exe = App\SpanishVocabTester.exe
		App\SpanishVocabTester.exe.config = App\SpanishVocabTester.exe.config
		App\SpanishVocabTester.pdb = App\SpanishVocabTester.pdb
		App\SpanishVocabTester.vshost.exe = App\SpanishVocabTester.vshost.exe
		App\SpanishVocabTester.vshost.exe.config = App\SpanishVocabTester.vshost.exe.config
	EndProjectSection
EndProject
Global
	GlobalSection(SolutionConfigurationPlatforms) = preSolution
		Debug|Any CPU = Debug|Any CPU
		Release|Any CPU = Release|Any CPU
	EndGlobalSection
	GlobalSection(ProjectConfigurationPlatforms) = postSolution
		{1971973D-F893-4D77-96A6-9034121C207D}.Debug|Any CPU.ActiveCfg = Debug|Any CPU
		{1971973D-F893-4D77-96A6-9034121C207D}.Debug|Any CPU.Build.0 = Debug|Any CPU
		{1971973D-F893-4D77-96A6-9034121C207D}.Release|Any CPU.ActiveCfg = Release|Any CPU
		{1971973D-F893-4D77-96A6-9034121C207D}.Release|Any CPU.Build.0 = Release|Any CPU
	EndGlobalSection
	GlobalSection(SolutionProperties) = preSolution
		HideSolutionNode = FALSE
	EndGlobalSection
EndGlobal
